{
  "requires": true,
  "lockfileVersion": 1,
  "dependencies": {
    "chart.js": {
      "version": "3.6.0",
      "resolved": "https://registry.npmjs.org/chart.js/-/chart.js-3.6.0.tgz",
      "integrity": "sha512-iOzzDKePL+bj+ccIsVAgWQehCXv8xOKGbaU2fO/myivH736zcx535PGJzQGanvcSGVOqX6yuLZsN3ygcQ35UgQ=="
    },
    "js-tokens": {
      "version": "4.0.0",
      "resolved": "https://registry.npmjs.org/js-tokens/-/js-tokens-4.0.0.tgz",
      "integrity": "sha512-RdJUflcE3cUzKiMqQgsCu06FPu9UdIJO0beYbPhHN4k6apgJtifcoCtT9bcxOpYBtpD2kCM6Sbzg4CausW/PKQ=="
    },
    "lodash": {
      "version": "4.17.21",
      "resolved": "https://registry.npmjs.org/lodash/-/lodash-4.17.21.tgz",
      "integrity": "sha512-v2kDEe57lecTulaDIuNTPy3Ry4gLGJ6Z1O3vE1krgXZNrsQ+LFTGHVxVjcXPs17LhbZVGedAJv8XZ1tvj5FvSg=="
    },
    "loose-envify": {
      "version": "1.4.0",
      "resolved": "https://registry.npmjs.org/loose-envify/-/loose-envify-1.4.0.tgz",
      "integrity": "sha512-lyuxPGr/Wfhrlem2CL/UcnUc1zcqKAImBDzukY7Y5F/yQiNdko6+fRLevlw1HgMySw7f611UIY408EtxRSoK3Q==",
      "requires": {
        "js-tokens": "^3.0.0 || ^4.0.0"
      }
    },
    "object-assign": {
      "version": "4.1.1",
      "resolved": "https://registry.npmjs.org/object-assign/-/object-assign-4.1.1.tgz",
      "integrity": "sha1-IQmtx5ZYh8/AXLvUQsrIv7s2CGM="
    },
    "prop-types": {
      "version": "15.7.2",
      "resolved": "https://registry.npmjs.org/prop-types/-/prop-types-15.7.2.tgz",
      "integrity": "sha512-8QQikdH7//R2vurIJSutZ1smHYTcLpRWEOlHnzcWHmBYrOGUysKwSsrC89BCiFj3CbrfJ/nXFdJepOVrY1GCHQ==",
      "requires": {
        "loose-envify": "^1.4.0",
        "object-assign": "^4.1.1",
        "react-is": "^16.8.1"
      }
    },
    "react-chartjs-2": {
      "version": "3.3.0",
      "resolved": "https://registry.npmjs.org/react-chartjs-2/-/react-chartjs-2-3.3.0.tgz",
      "integrity": "sha512-4Mt0SR2aiUbWi/4762odRBYSnbNKSs4HWc0o3IW43py5bMfmfpeZU95w6mbvtuLZH/M3GsPJMU8DvDc+5U9blQ=="
    },
    "react-chartjs-2-update": {
      "version": "2.8.2",
      "resolved": "https://registry.npmjs.org/react-chartjs-2-update/-/react-chartjs-2-update-2.8.2.tgz",
      "integrity": "sha512-gt0Tg9p0sMAkM7CnQ3TfoLeJaInXl1tsg8VBJHxMOblGbC0lGZkRC/opT+wO9vBEwsMqADfI13iFp2R02VDGRw==",
      "requires": {
        "lodash": "^4.17.4",
        "prop-types": "^15.5.8"
      }
    },
    "react-is": {
      "version": "16.13.1",
      "resolved": "https://registry.npmjs.org/react-is/-/react-is-16.13.1.tgz",
      "integrity": "sha512-24e6ynE2H+OKt4kqsOvNd8kBpV65zoxbA4BVsEOB3ARVWQki/DHzaUoC5KuON/BiccDaCCTZBuOcfZs70kR8bQ=="
    }
  }
}
